<?xml version="1.0" encoding="utf-8"?>
<Project ToolsVersion="4.0" xmlns="http://schemas.microsoft.com/developer/msbuild/2003">
  <ItemGroup>
    <Filter Include="Windows">
      <UniqueIdentifier>{33dc0a16-66f8-40d4-b853-d67ef04590bf}</UniqueIdentifier>
    </Filter>
    <Filter Include="Windows\Resource">
      <UniqueIdentifier>{023f4c88-d2d2-4aa6-a740-7c112a1124c2}</UniqueIdentifier>
    </Filter>
    <Filter Include="Windows\Header">
      <UniqueIdentifier>{dbbbb535-9b46-46d2-85e5-42c678d3803f}</UniqueIdentifier>
    </Filter>
    <Filter Include="Engine">
      <UniqueIdentifier>{a4985e1d-aaa0-4b4d-9815-82c31917d2a6}</UniqueIdentifier>
    </Filter>
    <Filter Include="Engine\High Level Interface">
      <UniqueIdentifier>{7417b951-1d53-4094-a83e-e1b6622177f9}</UniqueIdentifier>
    </Filter>
    <Filter Include="Engine\Common">
      <UniqueIdentifier>{6d9de797-0de6-41be-a518-0ad92d20657f}</UniqueIdentifier>
    </Filter>
    <Filter Include="Engine\Input">
      <UniqueIdentifier>{337e01a5-9e95-4932-94e4-701d021194c9}</UniqueIdentifier>
    </Filter>
    <Filter Include="Contents">
      <UniqueIdentifier>{f1c4f47b-e256-411f-a83c-5717b4c604f4}</UniqueIdentifier>
    </Filter>
    <Filter Include="Contents\GameObject">
      <UniqueIdentifier>{bfd94b17-5b83-489c-bce4-be784a538f90}</UniqueIdentifier>
    </Filter>
    <Filter Include="Contents\Scene">
      <UniqueIdentifier>{d371985a-36c1-4793-b973-75d4579bc1ab}</UniqueIdentifier>
    </Filter>
    <Filter Include="Engine\Scene">
      <UniqueIdentifier>{db874507-52e7-4f7e-a8ce-54c7d15a16d2}</UniqueIdentifier>
    </Filter>
    <Filter Include="Engine\Entity">
      <UniqueIdentifier>{342d4424-7dc0-494e-9fd1-3b16b27735d6}</UniqueIdentifier>
    </Filter>
    <Filter Include="Engine\Common\Time">
      <UniqueIdentifier>{1ef17518-7513-47d4-930a-d91e0bf6605b}</UniqueIdentifier>
    </Filter>
    <Filter Include="Engine\Component">
      <UniqueIdentifier>{9e0967c6-8bcb-4082-950e-e3de48bd2ea9}</UniqueIdentifier>
    </Filter>
    <Filter Include="Engine\Component\Transform">
      <UniqueIdentifier>{3a5ba094-ecf1-46e3-86da-cfa65daf6365}</UniqueIdentifier>
    </Filter>
    <Filter Include="Contents\GameObject\Player">
      <UniqueIdentifier>{7acaf49c-1c3b-4868-9f9b-9fab65508880}</UniqueIdentifier>
    </Filter>
    <Filter Include="Engine\GameObject">
      <UniqueIdentifier>{aa9a2365-5810-4e69-a6e6-3290aefd84c6}</UniqueIdentifier>
    </Filter>
    <Filter Include="Engine\Resource">
      <UniqueIdentifier>{d86a15ef-9e3b-4721-8f23-af7af1a6667b}</UniqueIdentifier>
    </Filter>
    <Filter Include="Engine\Resource\Image">
      <UniqueIdentifier>{619fac9e-909e-4111-b7ae-23454c9af514}</UniqueIdentifier>
    </Filter>
    <Filter Include="Contents\GameObject\BackGround">
      <UniqueIdentifier>{aea9b27a-4739-4e73-8974-412a2cf9fe6c}</UniqueIdentifier>
    </Filter>
    <Filter Include="Engine\Camera">
      <UniqueIdentifier>{62ad44b5-5431-4bb6-a891-50824611481f}</UniqueIdentifier>
    </Filter>
    <Filter Include="Engine\Component\Animator">
      <UniqueIdentifier>{1a97fba1-b7e8-467c-8f31-15b1a86cf5e8}</UniqueIdentifier>
    </Filter>
    <Filter Include="Engine\Resource\Animation">
      <UniqueIdentifier>{509b9b39-45c7-403c-ac6b-6083b73359d4}</UniqueIdentifier>
    </Filter>
    <Filter Include="Engine\Layer">
      <UniqueIdentifier>{6fe24f98-385d-459a-a693-7eb4e197442a}</UniqueIdentifier>
    </Filter>
    <Filter Include="Engine\Collision">
      <UniqueIdentifier>{1d7ebea5-b25c-419a-80e6-4f8244558e51}</UniqueIdentifier>
    </Filter>
    <Filter Include="Engine\Component\Collider">
      <UniqueIdentifier>{b751290f-4e44-4201-b9a5-3a6b2fd2171e}</UniqueIdentifier>
    </Filter>
    <Filter Include="Engine\Component\Rigidbody">
      <UniqueIdentifier>{d9c286bd-6e8a-47ef-945a-5da5db28138f}</UniqueIdentifier>
    </Filter>
    <Filter Include="Contents\GameObject\Floor">
      <UniqueIdentifier>{77bf6a87-cdf3-4784-927b-eca81e1753ac}</UniqueIdentifier>
    </Filter>
    <Filter Include="Contents\GameObject\Obstacle">
      <UniqueIdentifier>{08bb0b54-01fe-4544-be96-0887b82681ad}</UniqueIdentifier>
    </Filter>
    <Filter Include="Tool">
      <UniqueIdentifier>{a955dbc8-708a-454c-ac40-da62c27d173c}</UniqueIdentifier>
    </Filter>
    <Filter Include="Contents\GameObject\Monster">
      <UniqueIdentifier>{6bcb0e1f-225c-487c-a4e5-1403d5f8dd76}</UniqueIdentifier>
    </Filter>
    <Filter Include="Contents\Scene\Chapter1">
      <UniqueIdentifier>{13228102-f00e-4063-87fa-1d0fea002e5d}</UniqueIdentifier>
    </Filter>
    <Filter Include="Contents\Scene\Chapter2">
      <UniqueIdentifier>{ab95c192-4cb9-4b4a-bc21-f1228a853134}</UniqueIdentifier>
    </Filter>
    <Filter Include="Contents\Scene\Chapter3">
      <UniqueIdentifier>{ba5fa977-c90f-4ab4-9752-1c9ddb0e2abf}</UniqueIdentifier>
    </Filter>
    <Filter Include="Contents\Scene\Chapter4">
      <UniqueIdentifier>{178e4bf8-83b7-4c0a-bbad-235470cb9811}</UniqueIdentifier>
    </Filter>
    <Filter Include="Contents\Scene\Chapter5">
      <UniqueIdentifier>{daef93e6-f051-4b4b-b8bf-d64362ec191d}</UniqueIdentifier>
    </Filter>
    <Filter Include="Contents\Scene\Chapter6">
      <UniqueIdentifier>{c37f455c-b11b-43af-b892-444ff82ada5e}</UniqueIdentifier>
    </Filter>
    <Filter Include="Contents\Scene\Chapter7">
      <UniqueIdentifier>{e3ff37e6-fae9-4051-a284-41c3c1a04eea}</UniqueIdentifier>
    </Filter>
    <Filter Include="Contents\Scene\Chapter8">
      <UniqueIdentifier>{62432fc7-44ba-475b-b55b-794b5d12cd9f}</UniqueIdentifier>
    </Filter>
    <Filter Include="Contents\GameObject\SceneChange">
      <UniqueIdentifier>{59f4adad-9d26-4ea1-9af8-bfbe0ad538dd}</UniqueIdentifier>
    </Filter>
    <Filter Include="Contents\Scene\EndingScene">
      <UniqueIdentifier>{51f71c48-b6de-40c9-9d7d-84256a2e1e18}</UniqueIdentifier>
    </Filter>
    <Filter Include="Contents\Scene\HomeScene">
      <UniqueIdentifier>{2401f206-b8f6-4250-bc34-6a251e6844af}</UniqueIdentifier>
    </Filter>
  </ItemGroup>
  <ItemGroup>
    <ClInclude Include="Client.h">
      <Filter>Windows\Header</Filter>
    </ClInclude>
    <ClInclude Include="framework.h">
      <Filter>Windows\Header</Filter>
    </ClInclude>
    <ClInclude Include="Resource.h">
      <Filter>Windows\Header</Filter>
    </ClInclude>
    <ClInclude Include="targetver.h">
      <Filter>Windows\Header</Filter>
    </ClInclude>
    <ClInclude Include="yaApplication.h">
      <Filter>Engine\High Level Interface</Filter>
    </ClInclude>
    <ClInclude Include="CommonInclude.h">
      <Filter>Engine\Common</Filter>
    </ClInclude>
    <ClInclude Include="yaMath.h">
      <Filter>Engine\Common</Filter>
    </ClInclude>
    <ClInclude Include="yaInput.h">
      <Filter>Engine\Input</Filter>
    </ClInclude>
    <ClInclude Include="yaTime.h">
      <Filter>Engine\Common\Time</Filter>
    </ClInclude>
    <ClInclude Include="yaEntity.h">
      <Filter>Engine\Entity</Filter>
    </ClInclude>
    <ClInclude Include="yaGameObject.h">
      <Filter>Engine</Filter>
    </ClInclude>
    <ClInclude Include="yaComponent.h">
      <Filter>Engine\Component</Filter>
    </ClInclude>
    <ClInclude Include="yaTransform.h">
      <Filter>Engine\Component\Transform</Filter>
    </ClInclude>
    <ClInclude Include="yaSpriteRenderer.h">
      <Filter>Engine\Component</Filter>
    </ClInclude>
    <ClInclude Include="yaScene.h">
      <Filter>Engine\Scene</Filter>
    </ClInclude>
    <ClInclude Include="yaPlayer.h">
      <Filter>Contents\GameObject\Player</Filter>
    </ClInclude>
    <ClInclude Include="yaObject.h">
      <Filter>Engine\GameObject</Filter>
    </ClInclude>
    <ClInclude Include="yaTitleScene.h">
      <Filter>Contents\Scene</Filter>
    </ClInclude>
    <ClInclude Include="yaSceneManager.h">
      <Filter>Engine\Scene</Filter>
    </ClInclude>
    <ClInclude Include="yaResources.h">
      <Filter>Engine\Resource</Filter>
    </ClInclude>
    <ClInclude Include="yaResource.h">
      <Filter>Engine\Resource</Filter>
    </ClInclude>
    <ClInclude Include="yaBackGround.h">
      <Filter>Contents\GameObject\BackGround</Filter>
    </ClInclude>
    <ClInclude Include="yaTexture.h">
      <Filter>Engine\Resource\Image</Filter>
    </ClInclude>
    <ClInclude Include="yaCamera.h">
      <Filter>Engine\Camera</Filter>
    </ClInclude>
    <ClInclude Include="yaAnimator.h">
      <Filter>Engine\Component\Animator</Filter>
    </ClInclude>
    <ClInclude Include="yaAnimation.h">
      <Filter>Engine\Resource\Animation</Filter>
    </ClInclude>
    <ClInclude Include="yaLayer.h">
      <Filter>Engine\Layer</Filter>
    </ClInclude>
    <ClInclude Include="yaCollisionManager.h">
      <Filter>Engine\Collision</Filter>
    </ClInclude>
    <ClInclude Include="yaCollider.h">
      <Filter>Engine\Component\Collider</Filter>
    </ClInclude>
    <ClInclude Include="yaRigidBody.h">
      <Filter>Engine\Component\Rigidbody</Filter>
    </ClInclude>
    <ClInclude Include="yaFloor.h">
      <Filter>Contents\GameObject\Floor</Filter>
    </ClInclude>
    <ClInclude Include="yaRock.h">
      <Filter>Contents\GameObject\Obstacle</Filter>
    </ClInclude>
    <ClInclude Include="yaToolScene.h">
      <Filter>Contents\Scene</Filter>
    </ClInclude>
    <ClInclude Include="yaTile.h">
      <Filter>Tool</Filter>
    </ClInclude>
    <ClInclude Include="yaNpc.h">
      <Filter>Contents\GameObject\Obstacle</Filter>
    </ClInclude>
    <ClInclude Include="yaLockBox.h">
      <Filter>Contents\GameObject\Obstacle</Filter>
    </ClInclude>
    <ClInclude Include="yaKey.h">
      <Filter>Contents\GameObject\Obstacle</Filter>
    </ClInclude>
    <ClInclude Include="yaMonster.h">
      <Filter>Contents\GameObject\Monster</Filter>
    </ClInclude>
    <ClInclude Include="yaChapter1.h">
      <Filter>Contents\Scene\Chapter1</Filter>
    </ClInclude>
    <ClInclude Include="yaChapter2.h">
      <Filter>Contents\Scene\Chapter2</Filter>
    </ClInclude>
    <ClInclude Include="yaChapter3.h">
      <Filter>Contents\Scene\Chapter3</Filter>
    </ClInclude>
    <ClInclude Include="yaChapter4.h">
      <Filter>Contents\Scene\Chapter4</Filter>
    </ClInclude>
    <ClInclude Include="yaChapter5.h">
      <Filter>Contents\Scene\Chapter5</Filter>
    </ClInclude>
    <ClInclude Include="yaChapter6.h">
      <Filter>Contents\Scene\Chapter6</Filter>
    </ClInclude>
    <ClInclude Include="yaChapter7.h">
      <Filter>Contents\Scene\Chapter7</Filter>
    </ClInclude>
    <ClInclude Include="yaChapter8.h">
      <Filter>Contents\Scene\Chapter8</Filter>
    </ClInclude>
    <ClInclude Include="yaSceneChange.h">
      <Filter>Contents\GameObject\SceneChange</Filter>
    </ClInclude>
    <ClInclude Include="yaFire.h">
      <Filter>Contents\GameObject\Obstacle</Filter>
    </ClInclude>
    <ClInclude Include="yaEndingScene.h">
      <Filter>Contents\Scene\EndingScene</Filter>
    </ClInclude>
    <ClInclude Include="yaHomeScene.h">
      <Filter>Contents\Scene\HomeScene</Filter>
    </ClInclude>
  </ItemGroup>
  <ItemGroup>
    <Image Include="small.ico">
      <Filter>Windows\Resource</Filter>
    </Image>
    <Image Include="Client.ico">
      <Filter>Windows\Resource</Filter>
    </Image>
  </ItemGroup>
  <ItemGroup>
    <ResourceCompile Include="Client.rc">
      <Filter>Windows\Resource</Filter>
    </ResourceCompile>
  </ItemGroup>
  <ItemGroup>
    <ClCompile Include="main.cpp" />
    <ClCompile Include="yaApplication.cpp">
      <Filter>Engine\High Level Interface</Filter>
    </ClCompile>
    <ClCompile Include="yaInput.cpp">
      <Filter>Engine\Input</Filter>
    </ClCompile>
    <ClCompile Include="yaTime.cpp">
      <Filter>Engine\Common\Time</Filter>
    </ClCompile>
    <ClCompile Include="yaEntity.cpp">
      <Filter>Engine\Entity</Filter>
    </ClCompile>
    <ClCompile Include="yaGameObject.cpp">
      <Filter>Engine</Filter>
    </ClCompile>
    <ClCompile Include="yaComponent.cpp">
      <Filter>Engine\Component</Filter>
    </ClCompile>
    <ClCompile Include="yaTransform.cpp">
      <Filter>Engine\Component\Transform</Filter>
    </ClCompile>
    <ClCompile Include="yaSpriteRenderer.cpp">
      <Filter>Engine\Component</Filter>
    </ClCompile>
    <ClCompile Include="yaScene.cpp">
      <Filter>Engine\Scene</Filter>
    </ClCompile>
    <ClCompile Include="yaPlayer.cpp">
      <Filter>Contents\GameObject\Player</Filter>
    </ClCompile>
    <ClCompile Include="yaTitleScene.cpp">
      <Filter>Contents\Scene</Filter>
    </ClCompile>
    <ClCompile Include="yaSceneManager.cpp">
      <Filter>Engine\Scene</Filter>
    </ClCompile>
    <ClCompile Include="yaResource.cpp">
      <Filter>Engine\Resource</Filter>
    </ClCompile>
    <ClCompile Include="yaResources.cpp">
      <Filter>Engine\Resource</Filter>
    </ClCompile>
    <ClCompile Include="yaBackGround.cpp">
      <Filter>Contents\GameObject\BackGround</Filter>
    </ClCompile>
    <ClCompile Include="yaMath.cpp">
      <Filter>Engine\Common</Filter>
    </ClCompile>
    <ClCompile Include="yaTexture.cpp">
      <Filter>Engine\Resource\Image</Filter>
    </ClCompile>
    <ClCompile Include="yaCamera.cpp">
      <Filter>Engine\Camera</Filter>
    </ClCompile>
    <ClCompile Include="yaAnimator.cpp">
      <Filter>Engine\Component\Animator</Filter>
    </ClCompile>
    <ClCompile Include="yaAnimation.cpp">
      <Filter>Engine\Resource\Animation</Filter>
    </ClCompile>
    <ClCompile Include="yaLayer.cpp">
      <Filter>Engine\Layer</Filter>
    </ClCompile>
    <ClCompile Include="yaCollisionManager.cpp">
      <Filter>Engine\Collision</Filter>
    </ClCompile>
    <ClCompile Include="yaCollider.cpp">
      <Filter>Engine\Component\Collider</Filter>
    </ClCompile>
    <ClCompile Include="yaRigidBody.cpp">
      <Filter>Engine\Component\Rigidbody</Filter>
    </ClCompile>
    <ClCompile Include="yaFloor.cpp">
      <Filter>Contents\GameObject\Floor</Filter>
    </ClCompile>
    <ClCompile Include="yaRock.cpp">
      <Filter>Contents\GameObject\Obstacle</Filter>
    </ClCompile>
    <ClCompile Include="yaTile.cpp">
      <Filter>Tool</Filter>
    </ClCompile>
    <ClCompile Include="yaToolScene.cpp">
      <Filter>Contents\Scene</Filter>
    </ClCompile>
    <ClCompile Include="yaNpc.cpp">
      <Filter>Contents\GameObject\Obstacle</Filter>
    </ClCompile>
    <ClCompile Include="yaLockBox.cpp">
      <Filter>Contents\GameObject\Obstacle</Filter>
    </ClCompile>
    <ClCompile Include="yaKey.cpp">
      <Filter>Contents\GameObject\Obstacle</Filter>
    </ClCompile>
    <ClCompile Include="yaMonster.cpp">
      <Filter>Contents\GameObject\Monster</Filter>
    </ClCompile>
    <ClCompile Include="yaChapter1.cpp">
      <Filter>Contents\Scene\Chapter1</Filter>
    </ClCompile>
    <ClCompile Include="yaChapter2.cpp">
      <Filter>Contents\Scene\Chapter2</Filter>
    </ClCompile>
    <ClCompile Include="yaChapter3.cpp">
      <Filter>Contents\Scene\Chapter3</Filter>
    </ClCompile>
    <ClCompile Include="yaChapter4.cpp">
      <Filter>Contents\Scene\Chapter4</Filter>
    </ClCompile>
    <ClCompile Include="yaChapter5.cpp">
      <Filter>Contents\Scene\Chapter5</Filter>
    </ClCompile>
    <ClCompile Include="yaChapter6.cpp">
      <Filter>Contents\Scene\Chapter6</Filter>
    </ClCompile>
    <ClCompile Include="yaChapter7.cpp">
      <Filter>Contents\Scene\Chapter7</Filter>
    </ClCompile>
    <ClCompile Include="yaChapter8.cpp">
      <Filter>Contents\Scene\Chapter8</Filter>
    </ClCompile>
    <ClCompile Include="yaSceneChange.cpp">
      <Filter>Contents\GameObject\SceneChange</Filter>
    </ClCompile>
    <ClCompile Include="yaFire.cpp">
      <Filter>Contents\GameObject\Obstacle</Filter>
    </ClCompile>
    <ClCompile Include="yaEndingScene.cpp">
      <Filter>Contents\Scene\EndingScene</Filter>
    </ClCompile>
    <ClCompile Include="yaHomeScene.cpp">
      <Filter>Contents\Scene\HomeScene</Filter>
    </ClCompile>
  </ItemGroup>
</Project>